
Microsoft Visual Studio Solution File, Format Version 12.00
# Visual Studio Version 17
VisualStudioVersion = 17.10.35004.147
MinimumVisualStudioVersion = 10.0.40219.1
Project("{2150E333-8FDC-42A3-9474-1A3956D46DE8}") = "Microservices", "Microservices", "{85F8C732-D2AE-46D4-919F-EC7628AA4695}"
EndProject
Project("{2150E333-8FDC-42A3-9474-1A3956D46DE8}") = "Domain", "Domain", "{567F9DAA-AD6A-4F60-A741-BB6DB3D3FE98}"
EndProject
Project("{2150E333-8FDC-42A3-9474-1A3956D46DE8}") = "Infra.Bus", "Infra.Bus", "{3E82581E-0DD6-4E6E-85CA-BAEB1EF56AE0}"
EndProject
Project("{2150E333-8FDC-42A3-9474-1A3956D46DE8}") = "Infra.IoC", "Infra.IoC", "{ED9D19E5-0AB2-4ADE-9939-5E13289033AC}"
EndProject
Project("{2150E333-8FDC-42A3-9474-1A3956D46DE8}") = "Presentation", "Presentation", "{7FEF5558-6123-440C-974F-978A90838A3A}"
EndProject
Project("{9A19103F-16F7-4668-BE54-9A1E7A4F7556}") = "MicroRabbit.Domain.Core", "Domain\MicroRabbit.Domain.Core\MicroRabbit.Domain.Core.csproj", "{9C6F127A-6BFB-4806-A9E9-D711554E11A8}"
EndProject
Project("{9A19103F-16F7-4668-BE54-9A1E7A4F7556}") = "MicroRabbit.Infra.Bus", "Infra.Bus\MicroRabbit.Infra.Bus\MicroRabbit.Infra.Bus.csproj", "{D3D8358B-164D-449D-BBAC-C3D6FE11F52E}"
EndProject
Project("{9A19103F-16F7-4668-BE54-9A1E7A4F7556}") = "MicroRabbit.Infra.IoC", "Infra.IoC\MicroRabbit.Infra.IoC\MicroRabbit.Infra.IoC.csproj", "{C0FE944D-B188-4C33-9D40-869910724076}"
EndProject
Project("{2150E333-8FDC-42A3-9474-1A3956D46DE8}") = "Banking", "Banking", "{45ABFEB3-0E54-4A97-B900-E7F9BD1DD65D}"
EndProject
Project("{2150E333-8FDC-42A3-9474-1A3956D46DE8}") = "Api", "Api", "{B601EBAD-95D4-45DA-990B-02FE11B33E99}"
EndProject
Project("{2150E333-8FDC-42A3-9474-1A3956D46DE8}") = "Application", "Application", "{4A6FA5A9-EA1F-4CF5-AD21-2C922096C70D}"
EndProject
Project("{2150E333-8FDC-42A3-9474-1A3956D46DE8}") = "Data", "Data", "{5A4C0E0A-D930-4E1D-BA78-9D54B58E88DC}"
EndProject
Project("{2150E333-8FDC-42A3-9474-1A3956D46DE8}") = "Domain", "Domain", "{440EFA55-9910-440D-9B35-A9D41EA51A1C}"
EndProject
Project("{FAE04EC0-301F-11D3-BF4B-00C04F79EFBC}") = "MicroRabbit.Banking.Api", "Microservices\Banking\Api\MicroRabbit.Banking.Api\MicroRabbit.Banking.Api.csproj", "{31994953-7625-4EA4-B713-7456E5743E2F}"
EndProject
Project("{FAE04EC0-301F-11D3-BF4B-00C04F79EFBC}") = "MicroRabbit.Banking.Application", "Microservices\Banking\Application\MicroRabbit.Banking.Application\MicroRabbit.Banking.Application.csproj", "{7C2B7F83-A27E-49F4-B3F7-06CA0DB3EB17}"
EndProject
Project("{FAE04EC0-301F-11D3-BF4B-00C04F79EFBC}") = "MicroRabbit.Banking.Data", "Microservices\Banking\Data\MicroRabbit.Banking.Data\MicroRabbit.Banking.Data.csproj", "{A33BB7B0-6F41-494A-B699-775F466FD902}"
EndProject
Project("{FAE04EC0-301F-11D3-BF4B-00C04F79EFBC}") = "MicroRabbit.Banking.Domain", "Microservices\Banking\Domain\MicroRabbit.Banking.Domain\MicroRabbit.Banking.Domain.csproj", "{4D79B4A5-746E-4DA8-96CA-6F90FFCDF050}"
EndProject
Global
	GlobalSection(SolutionConfigurationPlatforms) = preSolution
		Debug|Any CPU = Debug|Any CPU
		Release|Any CPU = Release|Any CPU
	EndGlobalSection
	GlobalSection(ProjectConfigurationPlatforms) = postSolution
		{9C6F127A-6BFB-4806-A9E9-D711554E11A8}.Debug|Any CPU.ActiveCfg = Debug|Any CPU
		{9C6F127A-6BFB-4806-A9E9-D711554E11A8}.Debug|Any CPU.Build.0 = Debug|Any CPU
		{9C6F127A-6BFB-4806-A9E9-D711554E11A8}.Release|Any CPU.ActiveCfg = Release|Any CPU
		{9C6F127A-6BFB-4806-A9E9-D711554E11A8}.Release|Any CPU.Build.0 = Release|Any CPU
		{D3D8358B-164D-449D-BBAC-C3D6FE11F52E}.Debug|Any CPU.ActiveCfg = Debug|Any CPU
		{D3D8358B-164D-449D-BBAC-C3D6FE11F52E}.Debug|Any CPU.Build.0 = Debug|Any CPU
		{D3D8358B-164D-449D-BBAC-C3D6FE11F52E}.Release|Any CPU.ActiveCfg = Release|Any CPU
		{D3D8358B-164D-449D-BBAC-C3D6FE11F52E}.Release|Any CPU.Build.0 = Release|Any CPU
		{C0FE944D-B188-4C33-9D40-869910724076}.Debug|Any CPU.ActiveCfg = Debug|Any CPU
		{C0FE944D-B188-4C33-9D40-869910724076}.Debug|Any CPU.Build.0 = Debug|Any CPU
		{C0FE944D-B188-4C33-9D40-869910724076}.Release|Any CPU.ActiveCfg = Release|Any CPU
		{C0FE944D-B188-4C33-9D40-869910724076}.Release|Any CPU.Build.0 = Release|Any CPU
		{31994953-7625-4EA4-B713-7456E5743E2F}.Debug|Any CPU.ActiveCfg = Debug|Any CPU
		{31994953-7625-4EA4-B713-7456E5743E2F}.Debug|Any CPU.Build.0 = Debug|Any CPU
		{31994953-7625-4EA4-B713-7456E5743E2F}.Release|Any CPU.ActiveCfg = Release|Any CPU
		{31994953-7625-4EA4-B713-7456E5743E2F}.Release|Any CPU.Build.0 = Release|Any CPU
		{7C2B7F83-A27E-49F4-B3F7-06CA0DB3EB17}.Debug|Any CPU.ActiveCfg = Debug|Any CPU
		{7C2B7F83-A27E-49F4-B3F7-06CA0DB3EB17}.Debug|Any CPU.Build.0 = Debug|Any CPU
		{7C2B7F83-A27E-49F4-B3F7-06CA0DB3EB17}.Release|Any CPU.ActiveCfg = Release|Any CPU
		{7C2B7F83-A27E-49F4-B3F7-06CA0DB3EB17}.Release|Any CPU.Build.0 = Release|Any CPU
		{A33BB7B0-6F41-494A-B699-775F466FD902}.Debug|Any CPU.ActiveCfg = Debug|Any CPU
		{A33BB7B0-6F41-494A-B699-775F466FD902}.Debug|Any CPU.Build.0 = Debug|Any CPU
		{A33BB7B0-6F41-494A-B699-775F466FD902}.Release|Any CPU.ActiveCfg = Release|Any CPU
		{A33BB7B0-6F41-494A-B699-775F466FD902}.Release|Any CPU.Build.0 = Release|Any CPU
		{4D79B4A5-746E-4DA8-96CA-6F90FFCDF050}.Debug|Any CPU.ActiveCfg = Debug|Any CPU
		{4D79B4A5-746E-4DA8-96CA-6F90FFCDF050}.Debug|Any CPU.Build.0 = Debug|Any CPU
		{4D79B4A5-746E-4DA8-96CA-6F90FFCDF050}.Release|Any CPU.ActiveCfg = Release|Any CPU
		{4D79B4A5-746E-4DA8-96CA-6F90FFCDF050}.Release|Any CPU.Build.0 = Release|Any CPU
	EndGlobalSection
	GlobalSection(SolutionProperties) = preSolution
		HideSolutionNode = FALSE
	EndGlobalSection
	GlobalSection(NestedProjects) = preSolution
		{9C6F127A-6BFB-4806-A9E9-D711554E11A8} = {567F9DAA-AD6A-4F60-A741-BB6DB3D3FE98}
		{D3D8358B-164D-449D-BBAC-C3D6FE11F52E} = {3E82581E-0DD6-4E6E-85CA-BAEB1EF56AE0}
		{C0FE944D-B188-4C33-9D40-869910724076} = {ED9D19E5-0AB2-4ADE-9939-5E13289033AC}
		{45ABFEB3-0E54-4A97-B900-E7F9BD1DD65D} = {85F8C732-D2AE-46D4-919F-EC7628AA4695}
		{B601EBAD-95D4-45DA-990B-02FE11B33E99} = {45ABFEB3-0E54-4A97-B900-E7F9BD1DD65D}
		{4A6FA5A9-EA1F-4CF5-AD21-2C922096C70D} = {45ABFEB3-0E54-4A97-B900-E7F9BD1DD65D}
		{5A4C0E0A-D930-4E1D-BA78-9D54B58E88DC} = {45ABFEB3-0E54-4A97-B900-E7F9BD1DD65D}
		{440EFA55-9910-440D-9B35-A9D41EA51A1C} = {45ABFEB3-0E54-4A97-B900-E7F9BD1DD65D}
		{31994953-7625-4EA4-B713-7456E5743E2F} = {B601EBAD-95D4-45DA-990B-02FE11B33E99}
		{7C2B7F83-A27E-49F4-B3F7-06CA0DB3EB17} = {4A6FA5A9-EA1F-4CF5-AD21-2C922096C70D}
		{A33BB7B0-6F41-494A-B699-775F466FD902} = {5A4C0E0A-D930-4E1D-BA78-9D54B58E88DC}
		{4D79B4A5-746E-4DA8-96CA-6F90FFCDF050} = {440EFA55-9910-440D-9B35-A9D41EA51A1C}
	EndGlobalSection
	GlobalSection(ExtensibilityGlobals) = postSolution
		SolutionGuid = {300872BE-58B4-406E-B9DB-D1AC55D501AE}
	EndGlobalSection
EndGlobal
